
Microsoft Visual Studio Solution File, Format Version 10.00
# Visual Studio 2008
Project("{8BC9CEB8-8B4A-11D0-8D11-00A0C91BC942}") = "CTest", "CTest.vcproj", "{EA87799A-14B3-4D52-A970-A972AF934F9E}"
EndProject
Global
	GlobalSection(SolutionConfigurationPlatforms) = preSolution
		Debug|Win32 = Debug|Win32
		Release|Win32 = Release|Win32
	EndGlobalSection
	GlobalSection(ProjectConfigurationPlatforms) = postSolution
		{EA87799A-14B3-4D52-A970-A972AF934F9E}.Debug|Win32.ActiveCfg = Debug|Win32
		{EA87799A-14B3-4D52-A970-A972AF934F9E}.Debug|Win32.Build.0 = Debug|Win32
		{EA87799A-14B3-4D52-A970-A972AF934F9E}.Release|Win32.ActiveCfg = Release|Win32
		{EA87799A-14B3-4D52-A970-A972AF934F9E}.Release|Win32.Build.0 = Release|Win32
	EndGlobalSection
	GlobalSection(SolutionProperties) = preSolution
		HideSolutionNode = FALSE
	EndGlobalSection
EndGlobal
